
Microsoft Visual Studio Solution File, Format Version 12.00
# Visual Studio Version 17
VisualStudioVersion = 17.5.33530.505
MinimumVisualStudioVersion = 10.0.40219.1
Project("{FAE04EC0-301F-11D3-BF4B-00C04F79EFBC}") = "DearImGuiInjection.BepInExIL2CPP", "DearImGuiInjection.BepInExIL2CPP\DearImGuiInjection.BepInExIL2CPP.csproj", "{AE49FE85-5B12-A05C-2C57-3D9427F8534F}"
EndProject
Project("{FAE04EC0-301F-11D3-BF4B-00C04F79EFBC}") = "DearImGuiInjection.BepInEx5", "DearImGuiInjection.BepInEx5\DearImGuiInjection.BepInEx5.csproj", "{94C5F616-7019-D761-177C-77D7A7D57DD7}"
EndProject
Project("{FAE04EC0-301F-11D3-BF4B-00C04F79EFBC}") = "DearImGuiInjection.Core", "DearImGuiInjection.Core\DearImGuiInjection.Core.csproj", "{4BC7C004-60B4-F7B4-E923-1F1931BA34BA}"
EndProject
Project("{2150E333-8FDC-42A3-9474-1A3956D46DE8}") = "Build", "Build", "{8EC462FD-D22E-90A8-E5CE-7E832BA40C5D}"
	ProjectSection(SolutionItems) = preProject
		Directory.Build.props = Directory.Build.props
		README.md = README.md
	EndProjectSection
EndProject
Project("{2150E333-8FDC-42A3-9474-1A3956D46DE8}") = "Loaders", "Loaders", "{02EA681E-C7D8-13C7-8484-4AC65E1B71E8}"
EndProject
Project("{2150E333-8FDC-42A3-9474-1A3956D46DE8}") = "Tools", "Tools", "{83E5B3E6-1DF4-4B7C-A1A6-82CB1221CA35}"
EndProject
Project("{FAE04EC0-301F-11D3-BF4B-00C04F79EFBC}") = "DearImGuiInjection.BepInEx6", "DearImGuiInjection.BepInEx6\DearImGuiInjection.BepInEx6.csproj", "{A417E6AD-5705-E9EC-563B-EDE4AAA06E20}"
EndProject
Project("{FAE04EC0-301F-11D3-BF4B-00C04F79EFBC}") = "DearImGuiInjection.Tools.TargetFrameworkDetector", "DearImGuiInjection.Tools.TargetFrameworkDetector\DearImGuiInjection.Tools.TargetFrameworkDetector.csproj", "{54E84179-D650-C491-4D54-CFBA2F14E703}"
EndProject
Project("{FAE04EC0-301F-11D3-BF4B-00C04F79EFBC}") = "DearImGuiInjection.MelonLoader", "DearImGuiInjection.MelonLoader\DearImGuiInjection.MelonLoader.csproj", "{6FBB3D0F-515D-4220-8F3A-B88490D253CC}"
EndProject
Global
	GlobalSection(SolutionConfigurationPlatforms) = preSolution
		BepInEx5|Any CPU = BepInEx5|Any CPU
		BepInEx5|x64 = BepInEx5|x64
		BepInEx5|x86 = BepInEx5|x86
		BepInEx6|Any CPU = BepInEx6|Any CPU
		BepInEx6|x64 = BepInEx6|x64
		BepInEx6|x86 = BepInEx6|x86
		BepInExIL2CPP|Any CPU = BepInExIL2CPP|Any CPU
		BepInExIL2CPP|x64 = BepInExIL2CPP|x64
		BepInExIL2CPP|x86 = BepInExIL2CPP|x86
		Debug|Any CPU = Debug|Any CPU
		Debug|x64 = Debug|x64
		Debug|x86 = Debug|x86
		Release|Any CPU = Release|Any CPU
		Release|x64 = Release|x64
		Release|x86 = Release|x86
		MelonMono|Any CPU = MelonMono|Any CPU
		MelonMono|x64 = MelonMono|x64
		MelonMono|x86 = MelonMono|x86
	EndGlobalSection
	GlobalSection(ProjectConfigurationPlatforms) = postSolution
		{AE49FE85-5B12-A05C-2C57-3D9427F8534F}.BepInEx5|Any CPU.ActiveCfg = BepInExIL2CPP|Any CPU
		{AE49FE85-5B12-A05C-2C57-3D9427F8534F}.BepInEx5|x64.ActiveCfg = BepInExIL2CPP|x64
		{AE49FE85-5B12-A05C-2C57-3D9427F8534F}.BepInEx5|x86.ActiveCfg = BepInExIL2CPP|x86
		{AE49FE85-5B12-A05C-2C57-3D9427F8534F}.BepInEx6|Any CPU.ActiveCfg = BepInExIL2CPP|Any CPU
		{AE49FE85-5B12-A05C-2C57-3D9427F8534F}.BepInEx6|x64.ActiveCfg = BepInExIL2CPP|x64
		{AE49FE85-5B12-A05C-2C57-3D9427F8534F}.BepInEx6|x86.ActiveCfg = BepInExIL2CPP|x86
		{AE49FE85-5B12-A05C-2C57-3D9427F8534F}.BepInExIL2CPP|Any CPU.ActiveCfg = BepInExIL2CPP|Any CPU
		{AE49FE85-5B12-A05C-2C57-3D9427F8534F}.BepInExIL2CPP|Any CPU.Build.0 = BepInExIL2CPP|Any CPU
		{AE49FE85-5B12-A05C-2C57-3D9427F8534F}.BepInExIL2CPP|x64.ActiveCfg = BepInExIL2CPP|x64
		{AE49FE85-5B12-A05C-2C57-3D9427F8534F}.BepInExIL2CPP|x64.Build.0 = BepInExIL2CPP|x64
		{AE49FE85-5B12-A05C-2C57-3D9427F8534F}.BepInExIL2CPP|x86.ActiveCfg = BepInExIL2CPP|x86
		{AE49FE85-5B12-A05C-2C57-3D9427F8534F}.BepInExIL2CPP|x86.Build.0 = BepInExIL2CPP|x86
		{AE49FE85-5B12-A05C-2C57-3D9427F8534F}.Debug|Any CPU.ActiveCfg = Debug|Any CPU
		{AE49FE85-5B12-A05C-2C57-3D9427F8534F}.Debug|Any CPU.Build.0 = Debug|Any CPU
		{AE49FE85-5B12-A05C-2C57-3D9427F8534F}.Debug|x64.ActiveCfg = Debug|x64
		{AE49FE85-5B12-A05C-2C57-3D9427F8534F}.Debug|x64.Build.0 = Debug|x64
		{AE49FE85-5B12-A05C-2C57-3D9427F8534F}.Debug|x86.ActiveCfg = Debug|x86
		{AE49FE85-5B12-A05C-2C57-3D9427F8534F}.Debug|x86.Build.0 = Debug|x86
		{AE49FE85-5B12-A05C-2C57-3D9427F8534F}.Release|Any CPU.ActiveCfg = Release|Any CPU
		{AE49FE85-5B12-A05C-2C57-3D9427F8534F}.Release|Any CPU.Build.0 = Release|Any CPU
		{AE49FE85-5B12-A05C-2C57-3D9427F8534F}.Release|x64.ActiveCfg = Release|x64
		{AE49FE85-5B12-A05C-2C57-3D9427F8534F}.Release|x64.Build.0 = Release|x64
		{AE49FE85-5B12-A05C-2C57-3D9427F8534F}.Release|x86.ActiveCfg = Release|x86
		{AE49FE85-5B12-A05C-2C57-3D9427F8534F}.Release|x86.Build.0 = Release|x86
		{AE49FE85-5B12-A05C-2C57-3D9427F8534F}.MelonMono|Any CPU.ActiveCfg = MelonMono|Any CPU
		{AE49FE85-5B12-A05C-2C57-3D9427F8534F}.MelonMono|x64.ActiveCfg = MelonMono|x64
		{AE49FE85-5B12-A05C-2C57-3D9427F8534F}.MelonMono|x86.ActiveCfg = MelonMono|x86
		{94C5F616-7019-D761-177C-77D7A7D57DD7}.BepInEx5|Any CPU.ActiveCfg = BepInEx5|Any CPU
		{94C5F616-7019-D761-177C-77D7A7D57DD7}.BepInEx5|Any CPU.Build.0 = BepInEx5|Any CPU
		{94C5F616-7019-D761-177C-77D7A7D57DD7}.BepInEx5|x64.ActiveCfg = BepInEx5|x64
		{94C5F616-7019-D761-177C-77D7A7D57DD7}.BepInEx5|x64.Build.0 = BepInEx5|x64
		{94C5F616-7019-D761-177C-77D7A7D57DD7}.BepInEx5|x86.ActiveCfg = BepInEx5|x86
		{94C5F616-7019-D761-177C-77D7A7D57DD7}.BepInEx5|x86.Build.0 = BepInEx5|x86
		{94C5F616-7019-D761-177C-77D7A7D57DD7}.BepInEx6|Any CPU.ActiveCfg = BepInEx5|Any CPU
		{94C5F616-7019-D761-177C-77D7A7D57DD7}.BepInEx6|x64.ActiveCfg = BepInEx5|x64
		{94C5F616-7019-D761-177C-77D7A7D57DD7}.BepInEx6|x86.ActiveCfg = BepInEx5|x86
		{94C5F616-7019-D761-177C-77D7A7D57DD7}.BepInExIL2CPP|Any CPU.ActiveCfg = BepInEx5|Any CPU
		{94C5F616-7019-D761-177C-77D7A7D57DD7}.BepInExIL2CPP|x64.ActiveCfg = BepInEx5|x64
		{94C5F616-7019-D761-177C-77D7A7D57DD7}.BepInExIL2CPP|x86.ActiveCfg = BepInEx5|x86
		{94C5F616-7019-D761-177C-77D7A7D57DD7}.Debug|Any CPU.ActiveCfg = Debug|Any CPU
		{94C5F616-7019-D761-177C-77D7A7D57DD7}.Debug|Any CPU.Build.0 = Debug|Any CPU
		{94C5F616-7019-D761-177C-77D7A7D57DD7}.Debug|x64.ActiveCfg = Debug|x64
		{94C5F616-7019-D761-177C-77D7A7D57DD7}.Debug|x64.Build.0 = Debug|x64
		{94C5F616-7019-D761-177C-77D7A7D57DD7}.Debug|x86.ActiveCfg = Debug|x86
		{94C5F616-7019-D761-177C-77D7A7D57DD7}.Debug|x86.Build.0 = Debug|x86
		{94C5F616-7019-D761-177C-77D7A7D57DD7}.Release|Any CPU.ActiveCfg = Release|Any CPU
		{94C5F616-7019-D761-177C-77D7A7D57DD7}.Release|Any CPU.Build.0 = Release|Any CPU
		{94C5F616-7019-D761-177C-77D7A7D57DD7}.Release|x64.ActiveCfg = Release|x64
		{94C5F616-7019-D761-177C-77D7A7D57DD7}.Release|x64.Build.0 = Release|x64
		{94C5F616-7019-D761-177C-77D7A7D57DD7}.Release|x86.ActiveCfg = Release|x86
		{94C5F616-7019-D761-177C-77D7A7D57DD7}.Release|x86.Build.0 = Release|x86
		{94C5F616-7019-D761-177C-77D7A7D57DD7}.MelonMono|Any CPU.ActiveCfg = MelonMono|Any CPU
		{94C5F616-7019-D761-177C-77D7A7D57DD7}.MelonMono|x64.ActiveCfg = MelonMono|x64
		{94C5F616-7019-D761-177C-77D7A7D57DD7}.MelonMono|x86.ActiveCfg = MelonMono|x86
		{4BC7C004-60B4-F7B4-E923-1F1931BA34BA}.BepInEx5|Any CPU.ActiveCfg = BepInEx5|Any CPU
		{4BC7C004-60B4-F7B4-E923-1F1931BA34BA}.BepInEx5|Any CPU.Build.0 = BepInEx5|Any CPU
		{4BC7C004-60B4-F7B4-E923-1F1931BA34BA}.BepInEx5|x64.ActiveCfg = BepInEx5|x64
		{4BC7C004-60B4-F7B4-E923-1F1931BA34BA}.BepInEx5|x64.Build.0 = BepInEx5|x64
		{4BC7C004-60B4-F7B4-E923-1F1931BA34BA}.BepInEx5|x86.ActiveCfg = BepInEx5|x86
		{4BC7C004-60B4-F7B4-E923-1F1931BA34BA}.BepInEx5|x86.Build.0 = BepInEx5|x86
		{4BC7C004-60B4-F7B4-E923-1F1931BA34BA}.BepInEx6|Any CPU.ActiveCfg = BepInEx6|Any CPU
		{4BC7C004-60B4-F7B4-E923-1F1931BA34BA}.BepInEx6|Any CPU.Build.0 = BepInEx6|Any CPU
		{4BC7C004-60B4-F7B4-E923-1F1931BA34BA}.BepInEx6|x64.ActiveCfg = BepInEx6|x64
		{4BC7C004-60B4-F7B4-E923-1F1931BA34BA}.BepInEx6|x64.Build.0 = BepInEx6|x64
		{4BC7C004-60B4-F7B4-E923-1F1931BA34BA}.BepInEx6|x86.ActiveCfg = BepInEx6|x86
		{4BC7C004-60B4-F7B4-E923-1F1931BA34BA}.BepInEx6|x86.Build.0 = BepInEx6|x86
		{4BC7C004-60B4-F7B4-E923-1F1931BA34BA}.BepInExIL2CPP|Any CPU.ActiveCfg = BepInExIL2CPP|Any CPU
		{4BC7C004-60B4-F7B4-E923-1F1931BA34BA}.BepInExIL2CPP|Any CPU.Build.0 = BepInExIL2CPP|Any CPU
		{4BC7C004-60B4-F7B4-E923-1F1931BA34BA}.BepInExIL2CPP|x64.ActiveCfg = BepInExIL2CPP|x64
		{4BC7C004-60B4-F7B4-E923-1F1931BA34BA}.BepInExIL2CPP|x64.Build.0 = BepInExIL2CPP|x64
		{4BC7C004-60B4-F7B4-E923-1F1931BA34BA}.BepInExIL2CPP|x86.ActiveCfg = BepInExIL2CPP|x86
		{4BC7C004-60B4-F7B4-E923-1F1931BA34BA}.BepInExIL2CPP|x86.Build.0 = BepInExIL2CPP|x86
		{4BC7C004-60B4-F7B4-E923-1F1931BA34BA}.Debug|Any CPU.ActiveCfg = Debug|Any CPU
		{4BC7C004-60B4-F7B4-E923-1F1931BA34BA}.Debug|Any CPU.Build.0 = Debug|Any CPU
		{4BC7C004-60B4-F7B4-E923-1F1931BA34BA}.Debug|x64.ActiveCfg = Debug|x64
		{4BC7C004-60B4-F7B4-E923-1F1931BA34BA}.Debug|x64.Build.0 = Debug|x64
		{4BC7C004-60B4-F7B4-E923-1F1931BA34BA}.Debug|x86.ActiveCfg = Debug|x86
		{4BC7C004-60B4-F7B4-E923-1F1931BA34BA}.Debug|x86.Build.0 = Debug|x86
		{4BC7C004-60B4-F7B4-E923-1F1931BA34BA}.Release|Any CPU.ActiveCfg = Release|Any CPU
		{4BC7C004-60B4-F7B4-E923-1F1931BA34BA}.Release|Any CPU.Build.0 = Release|Any CPU
		{4BC7C004-60B4-F7B4-E923-1F1931BA34BA}.Release|x64.ActiveCfg = Release|x64
		{4BC7C004-60B4-F7B4-E923-1F1931BA34BA}.Release|x64.Build.0 = Release|x64
		{4BC7C004-60B4-F7B4-E923-1F1931BA34BA}.Release|x86.ActiveCfg = Release|x86
		{4BC7C004-60B4-F7B4-E923-1F1931BA34BA}.Release|x86.Build.0 = Release|x86
		{4BC7C004-60B4-F7B4-E923-1F1931BA34BA}.MelonMono|Any CPU.ActiveCfg = MelonMono|Any CPU
		{4BC7C004-60B4-F7B4-E923-1F1931BA34BA}.MelonMono|Any CPU.Build.0 = MelonMono|Any CPU
		{4BC7C004-60B4-F7B4-E923-1F1931BA34BA}.MelonMono|x64.ActiveCfg = MelonMono|x64
		{4BC7C004-60B4-F7B4-E923-1F1931BA34BA}.MelonMono|x64.Build.0 = MelonMono|x64
		{4BC7C004-60B4-F7B4-E923-1F1931BA34BA}.MelonMono|x86.ActiveCfg = MelonMono|x86
		{4BC7C004-60B4-F7B4-E923-1F1931BA34BA}.MelonMono|x86.Build.0 = MelonMono|x86
		{A417E6AD-5705-E9EC-563B-EDE4AAA06E20}.BepInEx5|Any CPU.ActiveCfg = BepInEx6|Any CPU
		{A417E6AD-5705-E9EC-563B-EDE4AAA06E20}.BepInEx5|x64.ActiveCfg = BepInEx6|x64
		{A417E6AD-5705-E9EC-563B-EDE4AAA06E20}.BepInEx5|x86.ActiveCfg = BepInEx6|x86
		{A417E6AD-5705-E9EC-563B-EDE4AAA06E20}.BepInEx6|Any CPU.ActiveCfg = BepInEx6|Any CPU
		{A417E6AD-5705-E9EC-563B-EDE4AAA06E20}.BepInEx6|Any CPU.Build.0 = BepInEx6|Any CPU
		{A417E6AD-5705-E9EC-563B-EDE4AAA06E20}.BepInEx6|x64.ActiveCfg = BepInEx6|x64
		{A417E6AD-5705-E9EC-563B-EDE4AAA06E20}.BepInEx6|x64.Build.0 = BepInEx6|x64
		{A417E6AD-5705-E9EC-563B-EDE4AAA06E20}.BepInEx6|x86.ActiveCfg = BepInEx6|x86
		{A417E6AD-5705-E9EC-563B-EDE4AAA06E20}.BepInEx6|x86.Build.0 = BepInEx6|x86
		{A417E6AD-5705-E9EC-563B-EDE4AAA06E20}.BepInExIL2CPP|Any CPU.ActiveCfg = BepInEx6|Any CPU
		{A417E6AD-5705-E9EC-563B-EDE4AAA06E20}.BepInExIL2CPP|x64.ActiveCfg = BepInEx6|x64
		{A417E6AD-5705-E9EC-563B-EDE4AAA06E20}.BepInExIL2CPP|x86.ActiveCfg = BepInEx6|x86
		{A417E6AD-5705-E9EC-563B-EDE4AAA06E20}.Debug|Any CPU.ActiveCfg = Debug|Any CPU
		{A417E6AD-5705-E9EC-563B-EDE4AAA06E20}.Debug|Any CPU.Build.0 = Debug|Any CPU
		{A417E6AD-5705-E9EC-563B-EDE4AAA06E20}.Debug|x64.ActiveCfg = Debug|x64
		{A417E6AD-5705-E9EC-563B-EDE4AAA06E20}.Debug|x64.Build.0 = Debug|x64
		{A417E6AD-5705-E9EC-563B-EDE4AAA06E20}.Debug|x86.ActiveCfg = Debug|x86
		{A417E6AD-5705-E9EC-563B-EDE4AAA06E20}.Debug|x86.Build.0 = Debug|x86
		{A417E6AD-5705-E9EC-563B-EDE4AAA06E20}.Release|Any CPU.ActiveCfg = Release|Any CPU
		{A417E6AD-5705-E9EC-563B-EDE4AAA06E20}.Release|Any CPU.Build.0 = Release|Any CPU
		{A417E6AD-5705-E9EC-563B-EDE4AAA06E20}.Release|x64.ActiveCfg = Release|x64
		{A417E6AD-5705-E9EC-563B-EDE4AAA06E20}.Release|x64.Build.0 = Release|x64
		{A417E6AD-5705-E9EC-563B-EDE4AAA06E20}.Release|x86.ActiveCfg = Release|x86
		{A417E6AD-5705-E9EC-563B-EDE4AAA06E20}.Release|x86.Build.0 = Release|x86
		{A417E6AD-5705-E9EC-563B-EDE4AAA06E20}.MelonMono|Any CPU.ActiveCfg = MelonMono|Any CPU
		{A417E6AD-5705-E9EC-563B-EDE4AAA06E20}.MelonMono|x64.ActiveCfg = MelonMono|x64
		{A417E6AD-5705-E9EC-563B-EDE4AAA06E20}.MelonMono|x86.ActiveCfg = MelonMono|x86
		{54E84179-D650-C491-4D54-CFBA2F14E703}.BepInEx5|Any CPU.ActiveCfg = Debug|Any CPU
		{54E84179-D650-C491-4D54-CFBA2F14E703}.BepInEx5|x64.ActiveCfg = Debug|x64
		{54E84179-D650-C491-4D54-CFBA2F14E703}.BepInEx5|x86.ActiveCfg = Debug|x86
		{54E84179-D650-C491-4D54-CFBA2F14E703}.BepInEx6|Any CPU.ActiveCfg = Debug|Any CPU
		{54E84179-D650-C491-4D54-CFBA2F14E703}.BepInEx6|x64.ActiveCfg = Debug|x64
		{54E84179-D650-C491-4D54-CFBA2F14E703}.BepInEx6|x86.ActiveCfg = Debug|x86
		{54E84179-D650-C491-4D54-CFBA2F14E703}.BepInExIL2CPP|Any CPU.ActiveCfg = Debug|Any CPU
		{54E84179-D650-C491-4D54-CFBA2F14E703}.BepInExIL2CPP|x64.ActiveCfg = Debug|x64
		{54E84179-D650-C491-4D54-CFBA2F14E703}.BepInExIL2CPP|x86.ActiveCfg = Debug|x86
		{54E84179-D650-C491-4D54-CFBA2F14E703}.Debug|Any CPU.ActiveCfg = Debug|Any CPU
		{54E84179-D650-C491-4D54-CFBA2F14E703}.Debug|Any CPU.Build.0 = Debug|Any CPU
		{54E84179-D650-C491-4D54-CFBA2F14E703}.Debug|x64.ActiveCfg = Debug|x64
		{54E84179-D650-C491-4D54-CFBA2F14E703}.Debug|x64.Build.0 = Debug|x64
		{54E84179-D650-C491-4D54-CFBA2F14E703}.Debug|x86.ActiveCfg = Debug|x86
		{54E84179-D650-C491-4D54-CFBA2F14E703}.Debug|x86.Build.0 = Debug|x86
		{54E84179-D650-C491-4D54-CFBA2F14E703}.Release|Any CPU.ActiveCfg = Release|Any CPU
		{54E84179-D650-C491-4D54-CFBA2F14E703}.Release|Any CPU.Build.0 = Release|Any CPU
		{54E84179-D650-C491-4D54-CFBA2F14E703}.Release|x64.ActiveCfg = Release|x64
		{54E84179-D650-C491-4D54-CFBA2F14E703}.Release|x64.Build.0 = Release|x64
		{54E84179-D650-C491-4D54-CFBA2F14E703}.Release|x86.ActiveCfg = Release|x86
		{54E84179-D650-C491-4D54-CFBA2F14E703}.Release|x86.Build.0 = Release|x86
		{54E84179-D650-C491-4D54-CFBA2F14E703}.MelonMono|Any CPU.ActiveCfg = MelonMono|Any CPU
		{54E84179-D650-C491-4D54-CFBA2F14E703}.MelonMono|x64.ActiveCfg = MelonMono|x64
		{54E84179-D650-C491-4D54-CFBA2F14E703}.MelonMono|x86.ActiveCfg = MelonMono|x86
		{6FBB3D0F-515D-4220-8F3A-B88490D253CC}.BepInEx5|Any CPU.ActiveCfg = BepInEx5|Any CPU
		{6FBB3D0F-515D-4220-8F3A-B88490D253CC}.BepInEx5|x64.ActiveCfg = BepInEx5|x64
		{6FBB3D0F-515D-4220-8F3A-B88490D253CC}.BepInEx5|x86.ActiveCfg = BepInEx5|x86
		{6FBB3D0F-515D-4220-8F3A-B88490D253CC}.BepInEx6|Any CPU.ActiveCfg = BepInEx6|Any CPU
		{6FBB3D0F-515D-4220-8F3A-B88490D253CC}.BepInEx6|x64.ActiveCfg = BepInEx6|x64
		{6FBB3D0F-515D-4220-8F3A-B88490D253CC}.BepInEx6|x86.ActiveCfg = BepInEx6|x86
		{6FBB3D0F-515D-4220-8F3A-B88490D253CC}.BepInExIL2CPP|Any CPU.ActiveCfg = BepInExIL2CPP|Any CPU
		{6FBB3D0F-515D-4220-8F3A-B88490D253CC}.BepInExIL2CPP|x64.ActiveCfg = BepInExIL2CPP|x64
		{6FBB3D0F-515D-4220-8F3A-B88490D253CC}.BepInExIL2CPP|x86.ActiveCfg = BepInExIL2CPP|x86
		{6FBB3D0F-515D-4220-8F3A-B88490D253CC}.Debug|Any CPU.ActiveCfg = Debug|Any CPU
		{6FBB3D0F-515D-4220-8F3A-B88490D253CC}.Debug|Any CPU.Build.0 = Debug|Any CPU
		{6FBB3D0F-515D-4220-8F3A-B88490D253CC}.Debug|x64.ActiveCfg = Debug|x64
		{6FBB3D0F-515D-4220-8F3A-B88490D253CC}.Debug|x64.Build.0 = Debug|x64
		{6FBB3D0F-515D-4220-8F3A-B88490D253CC}.Debug|x86.ActiveCfg = Debug|x86
		{6FBB3D0F-515D-4220-8F3A-B88490D253CC}.Debug|x86.Build.0 = Debug|x86
		{6FBB3D0F-515D-4220-8F3A-B88490D253CC}.Release|Any CPU.ActiveCfg = Release|Any CPU
		{6FBB3D0F-515D-4220-8F3A-B88490D253CC}.Release|Any CPU.Build.0 = Release|Any CPU
		{6FBB3D0F-515D-4220-8F3A-B88490D253CC}.Release|x64.ActiveCfg = Release|x64
		{6FBB3D0F-515D-4220-8F3A-B88490D253CC}.Release|x64.Build.0 = Release|x64
		{6FBB3D0F-515D-4220-8F3A-B88490D253CC}.Release|x86.ActiveCfg = Release|x86
		{6FBB3D0F-515D-4220-8F3A-B88490D253CC}.Release|x86.Build.0 = Release|x86
		{6FBB3D0F-515D-4220-8F3A-B88490D253CC}.MelonMono|Any CPU.ActiveCfg = MelonMono|Any CPU
		{6FBB3D0F-515D-4220-8F3A-B88490D253CC}.MelonMono|Any CPU.Build.0 = MelonMono|Any CPU
		{6FBB3D0F-515D-4220-8F3A-B88490D253CC}.MelonMono|x64.ActiveCfg = MelonMono|x64
		{6FBB3D0F-515D-4220-8F3A-B88490D253CC}.MelonMono|x64.Build.0 = MelonMono|x64
		{6FBB3D0F-515D-4220-8F3A-B88490D253CC}.MelonMono|x86.ActiveCfg = MelonMono|x86
		{6FBB3D0F-515D-4220-8F3A-B88490D253CC}.MelonMono|x86.Build.0 = MelonMono|x86
	EndGlobalSection
	GlobalSection(SolutionProperties) = preSolution
		HideSolutionNode = FALSE
	EndGlobalSection
	GlobalSection(NestedProjects) = preSolution
		{AE49FE85-5B12-A05C-2C57-3D9427F8534F} = {02EA681E-C7D8-13C7-8484-4AC65E1B71E8}
		{94C5F616-7019-D761-177C-77D7A7D57DD7} = {02EA681E-C7D8-13C7-8484-4AC65E1B71E8}
		{A417E6AD-5705-E9EC-563B-EDE4AAA06E20} = {02EA681E-C7D8-13C7-8484-4AC65E1B71E8}
		{54E84179-D650-C491-4D54-CFBA2F14E703} = {83E5B3E6-1DF4-4B7C-A1A6-82CB1221CA35}
		{6FBB3D0F-515D-4220-8F3A-B88490D253CC} = {02EA681E-C7D8-13C7-8484-4AC65E1B71E8}
	EndGlobalSection
	GlobalSection(ExtensibilityGlobals) = postSolution
		SolutionGuid = {475F7CBE-8B65-465D-B5AC-9A217E04E0E2}
	EndGlobalSection
EndGlobal
